
Microsoft Visual Studio Solution File, Format Version 12.00
# Visual Studio Version 17
VisualStudioVersion = 17.0.31912.275
MinimumVisualStudioVersion = 10.0.40219.1
Project("{9A19103F-16F7-4668-BE54-9A1E7A4F7556}") = "CluedIn.Vocabularies.CommonDataModel", "src\CluedIn.Vocabularies.CommonDataModel\CluedIn.Vocabularies.CommonDataModel.csproj", "{A6D9DEC0-9539-40FF-B535-C50CA37AFCC8}"
EndProject
Global
	GlobalSection(SolutionConfigurationPlatforms) = preSolution
		Debug|Any CPU = Debug|Any CPU
		Release|Any CPU = Release|Any CPU
	EndGlobalSection
	GlobalSection(ProjectConfigurationPlatforms) = postSolution
		{A6D9DEC0-9539-40FF-B535-C50CA37AFCC8}.Debug|Any CPU.ActiveCfg = Debug|Any CPU
		{A6D9DEC0-9539-40FF-B535-C50CA37AFCC8}.Debug|Any CPU.Build.0 = Debug|Any CPU
		{A6D9DEC0-9539-40FF-B535-C50CA37AFCC8}.Release|Any CPU.ActiveCfg = Release|Any CPU
		{A6D9DEC0-9539-40FF-B535-C50CA37AFCC8}.Release|Any CPU.Build.0 = Release|Any CPU
	EndGlobalSection
	GlobalSection(SolutionProperties) = preSolution
		HideSolutionNode = FALSE
	EndGlobalSection
	GlobalSection(ExtensibilityGlobals) = postSolution
		SolutionGuid = {0FDBBEEB-F3AB-497A-A112-D920B46BED18}
	EndGlobalSection
EndGlobal
